# THIS IS AN AUTOGENERATED FILE. DO NOT EDIT THIS FILE DIRECTLY.
# yarn lockfile v1


"@types/node@*":
  version "15.6.1"
  resolved "https://registry.yarnpkg.com/@types/node/-/node-15.6.1.tgz#32d43390d5c62c5b6ec486a9bc9c59544de39a08"
  integrity sha512-7EIraBEyRHEe7CH+Fm1XvgqU6uwZN8Q7jppJGcqjROMT29qhAuuOxYB1uEY5UMYQKEmA5D+5tBnhdaPXSsLONA==

"@types/ws@^6.0.3":
  version "6.0.4"
  resolved "https://registry.yarnpkg.com/@types/ws/-/ws-6.0.4.tgz#7797707c8acce8f76d8c34b370d4645b70421ff1"
  integrity sha512-PpPrX7SZW9re6+Ha8ojZG4Se8AZXgf0GK6zmfqEuCsY49LFDNXO3SByp44X3dFEqtB73lkCDAdUazhAjVPiNwg==
  dependencies:
    "@types/node" "*"

ws@^7.4.6:
  version "7.4.6"
  resolved "https://registry.yarnpkg.com/ws/-/ws-7.4.6.tgz#5654ca8ecdeee47c33a9a4bf6d28e2be2980377c"
  integrity sha512-YmhHDO4MzaDLB+M9ym/mDA5z0naX8j7SIlT8f8z+I0VtzsRbekxEutHSme7NPS2qE8StCYQNUnfWdXta/Yu85A==
